
Microsoft Visual Studio Solution File, Format Version 12.00
# Visual Studio Version 17
VisualStudioVersion = 17.14.36327.8 d17.14
MinimumVisualStudioVersion = 10.0.40219.1
Project("{FAE04EC0-301F-11D3-BF4B-00C04F79EFBC}") = "WindowsFormsApp1", "WindowsFormsApp1.csproj", "{F64CFE2B-4541-4253-A7C2-C2637099E0C0}"
EndProject
Global
	GlobalSection(SolutionConfigurationPlatforms) = preSolution
		Debug|Any CPU = Debug|Any CPU
		Release|Any CPU = Release|Any CPU
	EndGlobalSection
	GlobalSection(ProjectConfigurationPlatforms) = postSolution
		{F64CFE2B-4541-4253-A7C2-C2637099E0C0}.Debug|Any CPU.ActiveCfg = Debug|Any CPU
		{F64CFE2B-4541-4253-A7C2-C2637099E0C0}.Debug|Any CPU.Build.0 = Debug|Any CPU
		{F64CFE2B-4541-4253-A7C2-C2637099E0C0}.Release|Any CPU.ActiveCfg = Release|Any CPU
		{F64CFE2B-4541-4253-A7C2-C2637099E0C0}.Release|Any CPU.Build.0 = Release|Any CPU
	EndGlobalSection
	GlobalSection(SolutionProperties) = preSolution
		HideSolutionNode = FALSE
	EndGlobalSection
	GlobalSection(ExtensibilityGlobals) = postSolution
		SolutionGuid = {23BE7D96-3039-4978-8DF3-28FA6E6D4B17}
	EndGlobalSection
EndGlobal
